
Microsoft Visual Studio Solution File, Format Version 12.00
# Visual Studio Version 17
VisualStudioVersion = 17.0.31912.275
MinimumVisualStudioVersion = 10.0.40219.1
Project("{FAE04EC0-301F-11D3-BF4B-00C04F79EFBC}") = "GeneratePassword", "GeneratePassword\GeneratePassword.csproj", "{EFE34B5B-72A3-4128-9E9A-5998DD210EC8}"
EndProject
Global
	GlobalSection(SolutionConfigurationPlatforms) = preSolution
		Debug|Any CPU = Debug|Any CPU
		Release|Any CPU = Release|Any CPU
	EndGlobalSection
	GlobalSection(ProjectConfigurationPlatforms) = postSolution
		{EFE34B5B-72A3-4128-9E9A-5998DD210EC8}.Debug|Any CPU.ActiveCfg = Debug|Any CPU
		{EFE34B5B-72A3-4128-9E9A-5998DD210EC8}.Debug|Any CPU.Build.0 = Debug|Any CPU
		{EFE34B5B-72A3-4128-9E9A-5998DD210EC8}.Release|Any CPU.ActiveCfg = Release|Any CPU
		{EFE34B5B-72A3-4128-9E9A-5998DD210EC8}.Release|Any CPU.Build.0 = Release|Any CPU
	EndGlobalSection
	GlobalSection(SolutionProperties) = preSolution
		HideSolutionNode = FALSE
	EndGlobalSection
	GlobalSection(ExtensibilityGlobals) = postSolution
		SolutionGuid = {3C6AD18F-9E5B-48C3-BCB3-8A6DE8A3226B}
	EndGlobalSection
EndGlobal
